
Microsoft Visual Studio Solution File, Format Version 12.00
# Visual Studio 2013
VisualStudioVersion = 12.0.31101.0
MinimumVisualStudioVersion = 10.0.40219.1
Project("{FAE04EC0-301F-11D3-BF4B-00C04F79EFBC}") = "StarterMobile.iOS", "StarterMobile.iOS\StarterMobile.iOS.csproj", "{1CC2ADBF-86D3-4AA2-9164-24410C2F8290}"
EndProject
Project("{FAE04EC0-301F-11D3-BF4B-00C04F79EFBC}") = "StarterMobile.Droid", "StarterMobile.Droid\StarterMobile.Droid.csproj", "{EB627573-6F7F-4A21-A096-3A0D6F5E55F1}"
EndProject
Project("{FAE04EC0-301F-11D3-BF4B-00C04F79EFBC}") = "StarterMobile.Core", "StarterMobile.Core\StarterMobile.Core.csproj", "{43F49892-FA52-4BB5-857B-115430C6598F}"
EndProject
Project("{FAE04EC0-301F-11D3-BF4B-00C04F79EFBC}") = "StarterMobile.WPA81", "StarterMobile.WPA81\StarterMobile.WPA81.csproj", "{344222A2-F390-4388-8B89-40201EA5100D}"
EndProject
Global
	GlobalSection(SolutionConfigurationPlatforms) = preSolution
		Ad-Hoc|Any CPU = Ad-Hoc|Any CPU
		Ad-Hoc|ARM = Ad-Hoc|ARM
		Ad-Hoc|iPhone = Ad-Hoc|iPhone
		Ad-Hoc|iPhoneSimulator = Ad-Hoc|iPhoneSimulator
		Ad-Hoc|Mixed Platforms = Ad-Hoc|Mixed Platforms
		Ad-Hoc|x86 = Ad-Hoc|x86
		AppStore|Any CPU = AppStore|Any CPU
		AppStore|ARM = AppStore|ARM
		AppStore|iPhone = AppStore|iPhone
		AppStore|iPhoneSimulator = AppStore|iPhoneSimulator
		AppStore|Mixed Platforms = AppStore|Mixed Platforms
		AppStore|x86 = AppStore|x86
		Debug|Any CPU = Debug|Any CPU
		Debug|ARM = Debug|ARM
		Debug|iPhone = Debug|iPhone
		Debug|iPhoneSimulator = Debug|iPhoneSimulator
		Debug|Mixed Platforms = Debug|Mixed Platforms
		Debug|x86 = Debug|x86
		Release|Any CPU = Release|Any CPU
		Release|ARM = Release|ARM
		Release|iPhone = Release|iPhone
		Release|iPhoneSimulator = Release|iPhoneSimulator
		Release|Mixed Platforms = Release|Mixed Platforms
		Release|x86 = Release|x86
	EndGlobalSection
	GlobalSection(ProjectConfigurationPlatforms) = postSolution
		{1CC2ADBF-86D3-4AA2-9164-24410C2F8290}.Ad-Hoc|Any CPU.ActiveCfg = Ad-Hoc|iPhoneSimulator
		{1CC2ADBF-86D3-4AA2-9164-24410C2F8290}.Ad-Hoc|ARM.ActiveCfg = Ad-Hoc|iPhoneSimulator
		{1CC2ADBF-86D3-4AA2-9164-24410C2F8290}.Ad-Hoc|iPhone.ActiveCfg = Ad-Hoc|iPhone
		{1CC2ADBF-86D3-4AA2-9164-24410C2F8290}.Ad-Hoc|iPhone.Build.0 = Ad-Hoc|iPhone
		{1CC2ADBF-86D3-4AA2-9164-24410C2F8290}.Ad-Hoc|iPhoneSimulator.ActiveCfg = Ad-Hoc|iPhoneSimulator
		{1CC2ADBF-86D3-4AA2-9164-24410C2F8290}.Ad-Hoc|iPhoneSimulator.Build.0 = Ad-Hoc|iPhoneSimulator
		{1CC2ADBF-86D3-4AA2-9164-24410C2F8290}.Ad-Hoc|Mixed Platforms.ActiveCfg = Ad-Hoc|iPhoneSimulator
		{1CC2ADBF-86D3-4AA2-9164-24410C2F8290}.Ad-Hoc|Mixed Platforms.Build.0 = Ad-Hoc|iPhoneSimulator
		{1CC2ADBF-86D3-4AA2-9164-24410C2F8290}.Ad-Hoc|x86.ActiveCfg = Ad-Hoc|iPhoneSimulator
		{1CC2ADBF-86D3-4AA2-9164-24410C2F8290}.AppStore|Any CPU.ActiveCfg = AppStore|iPhoneSimulator
		{1CC2ADBF-86D3-4AA2-9164-24410C2F8290}.AppStore|ARM.ActiveCfg = AppStore|iPhoneSimulator
		{1CC2ADBF-86D3-4AA2-9164-24410C2F8290}.AppStore|iPhone.ActiveCfg = AppStore|iPhone
		{1CC2ADBF-86D3-4AA2-9164-24410C2F8290}.AppStore|iPhone.Build.0 = AppStore|iPhone
		{1CC2ADBF-86D3-4AA2-9164-24410C2F8290}.AppStore|iPhoneSimulator.ActiveCfg = AppStore|iPhoneSimulator
		{1CC2ADBF-86D3-4AA2-9164-24410C2F8290}.AppStore|iPhoneSimulator.Build.0 = AppStore|iPhoneSimulator
		{1CC2ADBF-86D3-4AA2-9164-24410C2F8290}.AppStore|Mixed Platforms.ActiveCfg = AppStore|iPhoneSimulator
		{1CC2ADBF-86D3-4AA2-9164-24410C2F8290}.AppStore|Mixed Platforms.Build.0 = AppStore|iPhoneSimulator
		{1CC2ADBF-86D3-4AA2-9164-24410C2F8290}.AppStore|x86.ActiveCfg = AppStore|iPhoneSimulator
		{1CC2ADBF-86D3-4AA2-9164-24410C2F8290}.Debug|Any CPU.ActiveCfg = Debug|iPhoneSimulator
		{1CC2ADBF-86D3-4AA2-9164-24410C2F8290}.Debug|Any CPU.Build.0 = Debug|iPhoneSimulator
		{1CC2ADBF-86D3-4AA2-9164-24410C2F8290}.Debug|ARM.ActiveCfg = Debug|iPhone
		{1CC2ADBF-86D3-4AA2-9164-24410C2F8290}.Debug|iPhone.ActiveCfg = Debug|iPhone
		{1CC2ADBF-86D3-4AA2-9164-24410C2F8290}.Debug|iPhone.Build.0 = Debug|iPhone
		{1CC2ADBF-86D3-4AA2-9164-24410C2F8290}.Debug|iPhoneSimulator.ActiveCfg = Debug|iPhoneSimulator
		{1CC2ADBF-86D3-4AA2-9164-24410C2F8290}.Debug|iPhoneSimulator.Build.0 = Debug|iPhoneSimulator
		{1CC2ADBF-86D3-4AA2-9164-24410C2F8290}.Debug|Mixed Platforms.ActiveCfg = Debug|iPhone
		{1CC2ADBF-86D3-4AA2-9164-24410C2F8290}.Debug|Mixed Platforms.Build.0 = Debug|iPhone
		{1CC2ADBF-86D3-4AA2-9164-24410C2F8290}.Debug|x86.ActiveCfg = Debug|iPhone
		{1CC2ADBF-86D3-4AA2-9164-24410C2F8290}.Release|Any CPU.ActiveCfg = Release|iPhoneSimulator
		{1CC2ADBF-86D3-4AA2-9164-24410C2F8290}.Release|Any CPU.Build.0 = Release|iPhoneSimulator
		{1CC2ADBF-86D3-4AA2-9164-24410C2F8290}.Release|ARM.ActiveCfg = Release|iPhone
		{1CC2ADBF-86D3-4AA2-9164-24410C2F8290}.Release|iPhone.ActiveCfg = Release|iPhone
		{1CC2ADBF-86D3-4AA2-9164-24410C2F8290}.Release|iPhone.Build.0 = Release|iPhone
		{1CC2ADBF-86D3-4AA2-9164-24410C2F8290}.Release|iPhoneSimulator.ActiveCfg = Release|iPhoneSimulator
		{1CC2ADBF-86D3-4AA2-9164-24410C2F8290}.Release|iPhoneSimulator.Build.0 = Release|iPhoneSimulator
		{1CC2ADBF-86D3-4AA2-9164-24410C2F8290}.Release|Mixed Platforms.ActiveCfg = Release|iPhone
		{1CC2ADBF-86D3-4AA2-9164-24410C2F8290}.Release|Mixed Platforms.Build.0 = Release|iPhone
		{1CC2ADBF-86D3-4AA2-9164-24410C2F8290}.Release|x86.ActiveCfg = Release|iPhone
		{EB627573-6F7F-4A21-A096-3A0D6F5E55F1}.Ad-Hoc|Any CPU.ActiveCfg = Release|Any CPU
		{EB627573-6F7F-4A21-A096-3A0D6F5E55F1}.Ad-Hoc|Any CPU.Build.0 = Release|Any CPU
		{EB627573-6F7F-4A21-A096-3A0D6F5E55F1}.Ad-Hoc|Any CPU.Deploy.0 = Release|Any CPU
		{EB627573-6F7F-4A21-A096-3A0D6F5E55F1}.Ad-Hoc|ARM.ActiveCfg = Release|Any CPU
		{EB627573-6F7F-4A21-A096-3A0D6F5E55F1}.Ad-Hoc|iPhone.ActiveCfg = Debug|Any CPU
		{EB627573-6F7F-4A21-A096-3A0D6F5E55F1}.Ad-Hoc|iPhone.Build.0 = Debug|Any CPU
		{EB627573-6F7F-4A21-A096-3A0D6F5E55F1}.Ad-Hoc|iPhoneSimulator.ActiveCfg = Release|Any CPU
		{EB627573-6F7F-4A21-A096-3A0D6F5E55F1}.Ad-Hoc|Mixed Platforms.ActiveCfg = Release|Any CPU
		{EB627573-6F7F-4A21-A096-3A0D6F5E55F1}.Ad-Hoc|Mixed Platforms.Build.0 = Release|Any CPU
		{EB627573-6F7F-4A21-A096-3A0D6F5E55F1}.Ad-Hoc|Mixed Platforms.Deploy.0 = Release|Any CPU
		{EB627573-6F7F-4A21-A096-3A0D6F5E55F1}.Ad-Hoc|x86.ActiveCfg = Release|Any CPU
		{EB627573-6F7F-4A21-A096-3A0D6F5E55F1}.AppStore|Any CPU.ActiveCfg = Release|Any CPU
		{EB627573-6F7F-4A21-A096-3A0D6F5E55F1}.AppStore|Any CPU.Build.0 = Release|Any CPU
		{EB627573-6F7F-4A21-A096-3A0D6F5E55F1}.AppStore|Any CPU.Deploy.0 = Release|Any CPU
		{EB627573-6F7F-4A21-A096-3A0D6F5E55F1}.AppStore|ARM.ActiveCfg = Release|Any CPU
		{EB627573-6F7F-4A21-A096-3A0D6F5E55F1}.AppStore|iPhone.ActiveCfg = Debug|Any CPU
		{EB627573-6F7F-4A21-A096-3A0D6F5E55F1}.AppStore|iPhone.Build.0 = Debug|Any CPU
		{EB627573-6F7F-4A21-A096-3A0D6F5E55F1}.AppStore|iPhoneSimulator.ActiveCfg = Release|Any CPU
		{EB627573-6F7F-4A21-A096-3A0D6F5E55F1}.AppStore|Mixed Platforms.ActiveCfg = Release|Any CPU
		{EB627573-6F7F-4A21-A096-3A0D6F5E55F1}.AppStore|Mixed Platforms.Build.0 = Release|Any CPU
		{EB627573-6F7F-4A21-A096-3A0D6F5E55F1}.AppStore|Mixed Platforms.Deploy.0 = Release|Any CPU
		{EB627573-6F7F-4A21-A096-3A0D6F5E55F1}.AppStore|x86.ActiveCfg = Release|Any CPU
		{EB627573-6F7F-4A21-A096-3A0D6F5E55F1}.Debug|Any CPU.ActiveCfg = Debug|Any CPU
		{EB627573-6F7F-4A21-A096-3A0D6F5E55F1}.Debug|Any CPU.Build.0 = Debug|Any CPU
		{EB627573-6F7F-4A21-A096-3A0D6F5E55F1}.Debug|ARM.ActiveCfg = Debug|Any CPU
		{EB627573-6F7F-4A21-A096-3A0D6F5E55F1}.Debug|iPhone.ActiveCfg = Debug|Any CPU
		{EB627573-6F7F-4A21-A096-3A0D6F5E55F1}.Debug|iPhone.Build.0 = Debug|Any CPU
		{EB627573-6F7F-4A21-A096-3A0D6F5E55F1}.Debug|iPhoneSimulator.ActiveCfg = Debug|Any CPU
		{EB627573-6F7F-4A21-A096-3A0D6F5E55F1}.Debug|iPhoneSimulator.Build.0 = Debug|Any CPU
		{EB627573-6F7F-4A21-A096-3A0D6F5E55F1}.Debug|Mixed Platforms.ActiveCfg = Debug|Any CPU
		{EB627573-6F7F-4A21-A096-3A0D6F5E55F1}.Debug|Mixed Platforms.Build.0 = Debug|Any CPU
		{EB627573-6F7F-4A21-A096-3A0D6F5E55F1}.Debug|Mixed Platforms.Deploy.0 = Debug|Any CPU
		{EB627573-6F7F-4A21-A096-3A0D6F5E55F1}.Debug|x86.ActiveCfg = Debug|Any CPU
		{EB627573-6F7F-4A21-A096-3A0D6F5E55F1}.Release|Any CPU.ActiveCfg = Release|Any CPU
		{EB627573-6F7F-4A21-A096-3A0D6F5E55F1}.Release|Any CPU.Build.0 = Release|Any CPU
		{EB627573-6F7F-4A21-A096-3A0D6F5E55F1}.Release|ARM.ActiveCfg = Release|Any CPU
		{EB627573-6F7F-4A21-A096-3A0D6F5E55F1}.Release|iPhone.ActiveCfg = Release|Any CPU
		{EB627573-6F7F-4A21-A096-3A0D6F5E55F1}.Release|iPhone.Build.0 = Release|Any CPU
		{EB627573-6F7F-4A21-A096-3A0D6F5E55F1}.Release|iPhoneSimulator.ActiveCfg = Release|Any CPU
		{EB627573-6F7F-4A21-A096-3A0D6F5E55F1}.Release|iPhoneSimulator.Build.0 = Release|Any CPU
		{EB627573-6F7F-4A21-A096-3A0D6F5E55F1}.Release|Mixed Platforms.ActiveCfg = Release|Any CPU
		{EB627573-6F7F-4A21-A096-3A0D6F5E55F1}.Release|Mixed Platforms.Build.0 = Release|Any CPU
		{EB627573-6F7F-4A21-A096-3A0D6F5E55F1}.Release|Mixed Platforms.Deploy.0 = Release|Any CPU
		{EB627573-6F7F-4A21-A096-3A0D6F5E55F1}.Release|x86.ActiveCfg = Release|Any CPU
		{43F49892-FA52-4BB5-857B-115430C6598F}.Ad-Hoc|Any CPU.ActiveCfg = Debug|Any CPU
		{43F49892-FA52-4BB5-857B-115430C6598F}.Ad-Hoc|Any CPU.Build.0 = Debug|Any CPU
		{43F49892-FA52-4BB5-857B-115430C6598F}.Ad-Hoc|ARM.ActiveCfg = Debug|Any CPU
		{43F49892-FA52-4BB5-857B-115430C6598F}.Ad-Hoc|iPhone.ActiveCfg = Release|Any CPU
		{43F49892-FA52-4BB5-857B-115430C6598F}.Ad-Hoc|iPhone.Build.0 = Release|Any CPU
		{43F49892-FA52-4BB5-857B-115430C6598F}.Ad-Hoc|iPhoneSimulator.ActiveCfg = Debug|Any CPU
		{43F49892-FA52-4BB5-857B-115430C6598F}.Ad-Hoc|Mixed Platforms.ActiveCfg = Debug|Any CPU
		{43F49892-FA52-4BB5-857B-115430C6598F}.Ad-Hoc|Mixed Platforms.Build.0 = Debug|Any CPU
		{43F49892-FA52-4BB5-857B-115430C6598F}.Ad-Hoc|x86.ActiveCfg = Debug|Any CPU
		{43F49892-FA52-4BB5-857B-115430C6598F}.AppStore|Any CPU.ActiveCfg = Debug|Any CPU
		{43F49892-FA52-4BB5-857B-115430C6598F}.AppStore|Any CPU.Build.0 = Debug|Any CPU
		{43F49892-FA52-4BB5-857B-115430C6598F}.AppStore|ARM.ActiveCfg = Debug|Any CPU
		{43F49892-FA52-4BB5-857B-115430C6598F}.AppStore|iPhone.ActiveCfg = Release|Any CPU
		{43F49892-FA52-4BB5-857B-115430C6598F}.AppStore|iPhone.Build.0 = Release|Any CPU
		{43F49892-FA52-4BB5-857B-115430C6598F}.AppStore|iPhoneSimulator.ActiveCfg = Debug|Any CPU
		{43F49892-FA52-4BB5-857B-115430C6598F}.AppStore|Mixed Platforms.ActiveCfg = Debug|Any CPU
		{43F49892-FA52-4BB5-857B-115430C6598F}.AppStore|Mixed Platforms.Build.0 = Debug|Any CPU
		{43F49892-FA52-4BB5-857B-115430C6598F}.AppStore|x86.ActiveCfg = Debug|Any CPU
		{43F49892-FA52-4BB5-857B-115430C6598F}.Debug|Any CPU.ActiveCfg = Debug|Any CPU
		{43F49892-FA52-4BB5-857B-115430C6598F}.Debug|Any CPU.Build.0 = Debug|Any CPU
		{43F49892-FA52-4BB5-857B-115430C6598F}.Debug|ARM.ActiveCfg = Debug|Any CPU
		{43F49892-FA52-4BB5-857B-115430C6598F}.Debug|iPhone.ActiveCfg = Debug|Any CPU
		{43F49892-FA52-4BB5-857B-115430C6598F}.Debug|iPhone.Build.0 = Debug|Any CPU
		{43F49892-FA52-4BB5-857B-115430C6598F}.Debug|iPhoneSimulator.ActiveCfg = Debug|Any CPU
		{43F49892-FA52-4BB5-857B-115430C6598F}.Debug|iPhoneSimulator.Build.0 = Debug|Any CPU
		{43F49892-FA52-4BB5-857B-115430C6598F}.Debug|Mixed Platforms.ActiveCfg = Debug|Any CPU
		{43F49892-FA52-4BB5-857B-115430C6598F}.Debug|Mixed Platforms.Build.0 = Debug|Any CPU
		{43F49892-FA52-4BB5-857B-115430C6598F}.Debug|x86.ActiveCfg = Debug|Any CPU
		{43F49892-FA52-4BB5-857B-115430C6598F}.Release|Any CPU.ActiveCfg = Release|Any CPU
		{43F49892-FA52-4BB5-857B-115430C6598F}.Release|Any CPU.Build.0 = Release|Any CPU
		{43F49892-FA52-4BB5-857B-115430C6598F}.Release|ARM.ActiveCfg = Release|Any CPU
		{43F49892-FA52-4BB5-857B-115430C6598F}.Release|iPhone.ActiveCfg = Release|Any CPU
		{43F49892-FA52-4BB5-857B-115430C6598F}.Release|iPhone.Build.0 = Release|Any CPU
		{43F49892-FA52-4BB5-857B-115430C6598F}.Release|iPhoneSimulator.ActiveCfg = Release|Any CPU
		{43F49892-FA52-4BB5-857B-115430C6598F}.Release|iPhoneSimulator.Build.0 = Release|Any CPU
		{43F49892-FA52-4BB5-857B-115430C6598F}.Release|Mixed Platforms.ActiveCfg = Release|Any CPU
		{43F49892-FA52-4BB5-857B-115430C6598F}.Release|Mixed Platforms.Build.0 = Release|Any CPU
		{43F49892-FA52-4BB5-857B-115430C6598F}.Release|x86.ActiveCfg = Release|Any CPU
		{344222A2-F390-4388-8B89-40201EA5100D}.Ad-Hoc|Any CPU.ActiveCfg = Release|Any CPU
		{344222A2-F390-4388-8B89-40201EA5100D}.Ad-Hoc|Any CPU.Build.0 = Release|Any CPU
		{344222A2-F390-4388-8B89-40201EA5100D}.Ad-Hoc|Any CPU.Deploy.0 = Release|Any CPU
		{344222A2-F390-4388-8B89-40201EA5100D}.Ad-Hoc|ARM.ActiveCfg = Release|ARM
		{344222A2-F390-4388-8B89-40201EA5100D}.Ad-Hoc|ARM.Build.0 = Release|ARM
		{344222A2-F390-4388-8B89-40201EA5100D}.Ad-Hoc|ARM.Deploy.0 = Release|ARM
		{344222A2-F390-4388-8B89-40201EA5100D}.Ad-Hoc|iPhone.ActiveCfg = Release|Any CPU
		{344222A2-F390-4388-8B89-40201EA5100D}.Ad-Hoc|iPhoneSimulator.ActiveCfg = Release|Any CPU
		{344222A2-F390-4388-8B89-40201EA5100D}.Ad-Hoc|Mixed Platforms.ActiveCfg = Release|x86
		{344222A2-F390-4388-8B89-40201EA5100D}.Ad-Hoc|Mixed Platforms.Build.0 = Release|x86
		{344222A2-F390-4388-8B89-40201EA5100D}.Ad-Hoc|Mixed Platforms.Deploy.0 = Release|x86
		{344222A2-F390-4388-8B89-40201EA5100D}.Ad-Hoc|x86.ActiveCfg = Release|x86
		{344222A2-F390-4388-8B89-40201EA5100D}.Ad-Hoc|x86.Build.0 = Release|x86
		{344222A2-F390-4388-8B89-40201EA5100D}.Ad-Hoc|x86.Deploy.0 = Release|x86
		{344222A2-F390-4388-8B89-40201EA5100D}.AppStore|Any CPU.ActiveCfg = Release|Any CPU
		{344222A2-F390-4388-8B89-40201EA5100D}.AppStore|Any CPU.Build.0 = Release|Any CPU
		{344222A2-F390-4388-8B89-40201EA5100D}.AppStore|Any CPU.Deploy.0 = Release|Any CPU
		{344222A2-F390-4388-8B89-40201EA5100D}.AppStore|ARM.ActiveCfg = Release|ARM
		{344222A2-F390-4388-8B89-40201EA5100D}.AppStore|ARM.Build.0 = Release|ARM
		{344222A2-F390-4388-8B89-40201EA5100D}.AppStore|ARM.Deploy.0 = Release|ARM
		{344222A2-F390-4388-8B89-40201EA5100D}.AppStore|iPhone.ActiveCfg = Release|Any CPU
		{344222A2-F390-4388-8B89-40201EA5100D}.AppStore|iPhoneSimulator.ActiveCfg = Release|Any CPU
		{344222A2-F390-4388-8B89-40201EA5100D}.AppStore|Mixed Platforms.ActiveCfg = Release|x86
		{344222A2-F390-4388-8B89-40201EA5100D}.AppStore|Mixed Platforms.Build.0 = Release|x86
		{344222A2-F390-4388-8B89-40201EA5100D}.AppStore|Mixed Platforms.Deploy.0 = Release|x86
		{344222A2-F390-4388-8B89-40201EA5100D}.AppStore|x86.ActiveCfg = Release|x86
		{344222A2-F390-4388-8B89-40201EA5100D}.AppStore|x86.Build.0 = Release|x86
		{344222A2-F390-4388-8B89-40201EA5100D}.AppStore|x86.Deploy.0 = Release|x86
		{344222A2-F390-4388-8B89-40201EA5100D}.Debug|Any CPU.ActiveCfg = Debug|Any CPU
		{344222A2-F390-4388-8B89-40201EA5100D}.Debug|Any CPU.Build.0 = Debug|Any CPU
		{344222A2-F390-4388-8B89-40201EA5100D}.Debug|Any CPU.Deploy.0 = Debug|Any CPU
		{344222A2-F390-4388-8B89-40201EA5100D}.Debug|ARM.ActiveCfg = Debug|ARM
		{344222A2-F390-4388-8B89-40201EA5100D}.Debug|ARM.Build.0 = Debug|ARM
		{344222A2-F390-4388-8B89-40201EA5100D}.Debug|ARM.Deploy.0 = Debug|ARM
		{344222A2-F390-4388-8B89-40201EA5100D}.Debug|iPhone.ActiveCfg = Debug|Any CPU
		{344222A2-F390-4388-8B89-40201EA5100D}.Debug|iPhoneSimulator.ActiveCfg = Debug|Any CPU
		{344222A2-F390-4388-8B89-40201EA5100D}.Debug|Mixed Platforms.ActiveCfg = Debug|x86
		{344222A2-F390-4388-8B89-40201EA5100D}.Debug|Mixed Platforms.Build.0 = Debug|x86
		{344222A2-F390-4388-8B89-40201EA5100D}.Debug|Mixed Platforms.Deploy.0 = Debug|x86
		{344222A2-F390-4388-8B89-40201EA5100D}.Debug|x86.ActiveCfg = Debug|x86
		{344222A2-F390-4388-8B89-40201EA5100D}.Debug|x86.Build.0 = Debug|x86
		{344222A2-F390-4388-8B89-40201EA5100D}.Debug|x86.Deploy.0 = Debug|x86
		{344222A2-F390-4388-8B89-40201EA5100D}.Release|Any CPU.ActiveCfg = Release|Any CPU
		{344222A2-F390-4388-8B89-40201EA5100D}.Release|Any CPU.Build.0 = Release|Any CPU
		{344222A2-F390-4388-8B89-40201EA5100D}.Release|Any CPU.Deploy.0 = Release|Any CPU
		{344222A2-F390-4388-8B89-40201EA5100D}.Release|ARM.ActiveCfg = Release|ARM
		{344222A2-F390-4388-8B89-40201EA5100D}.Release|ARM.Build.0 = Release|ARM
		{344222A2-F390-4388-8B89-40201EA5100D}.Release|ARM.Deploy.0 = Release|ARM
		{344222A2-F390-4388-8B89-40201EA5100D}.Release|iPhone.ActiveCfg = Release|Any CPU
		{344222A2-F390-4388-8B89-40201EA5100D}.Release|iPhoneSimulator.ActiveCfg = Release|Any CPU
		{344222A2-F390-4388-8B89-40201EA5100D}.Release|Mixed Platforms.ActiveCfg = Release|x86
		{344222A2-F390-4388-8B89-40201EA5100D}.Release|Mixed Platforms.Build.0 = Release|x86
		{344222A2-F390-4388-8B89-40201EA5100D}.Release|Mixed Platforms.Deploy.0 = Release|x86
		{344222A2-F390-4388-8B89-40201EA5100D}.Release|x86.ActiveCfg = Release|x86
		{344222A2-F390-4388-8B89-40201EA5100D}.Release|x86.Build.0 = Release|x86
		{344222A2-F390-4388-8B89-40201EA5100D}.Release|x86.Deploy.0 = Release|x86
	EndGlobalSection
	GlobalSection(SolutionProperties) = preSolution
		HideSolutionNode = FALSE
	EndGlobalSection
EndGlobal
